
Microsoft Visual Studio Solution File, Format Version 12.00
# Visual Studio Version 16
VisualStudioVersion = 16.0.30503.244
MinimumVisualStudioVersion = 10.0.40219.1
Project("{FAE04EC0-301F-11D3-BF4B-00C04F79EFBC}") = "Project 2.0", "Project 2.0.csproj", "{4914CC46-4177-4725-B0BC-3E02F2EDA26D}"
EndProject
Global
	GlobalSection(SolutionConfigurationPlatforms) = preSolution
		Debug|Any CPU = Debug|Any CPU
		Release|Any CPU = Release|Any CPU
	EndGlobalSection
	GlobalSection(ProjectConfigurationPlatforms) = postSolution
		{4914CC46-4177-4725-B0BC-3E02F2EDA26D}.Debug|Any CPU.ActiveCfg = Debug|Any CPU
		{4914CC46-4177-4725-B0BC-3E02F2EDA26D}.Debug|Any CPU.Build.0 = Debug|Any CPU
		{4914CC46-4177-4725-B0BC-3E02F2EDA26D}.Release|Any CPU.ActiveCfg = Release|Any CPU
		{4914CC46-4177-4725-B0BC-3E02F2EDA26D}.Release|Any CPU.Build.0 = Release|Any CPU
	EndGlobalSection
	GlobalSection(SolutionProperties) = preSolution
		HideSolutionNode = FALSE
	EndGlobalSection
	GlobalSection(ExtensibilityGlobals) = postSolution
		SolutionGuid = {1FAE7701-01B1-44DB-98C5-DA27A23D3F0B}
	EndGlobalSection
EndGlobal
